
Microsoft Visual Studio Solution File, Format Version 12.00
# Visual Studio Version 16
VisualStudioVersion = 16.0.33027.164
MinimumVisualStudioVersion = 10.0.40219.1
Project("{FAE04EC0-301F-11D3-BF4B-00C04F79EFBC}") = "9.25", "9.25.csproj", "{8696B0B6-4A8C-437D-87D5-02180FC48944}"
EndProject
Global
	GlobalSection(SolutionConfigurationPlatforms) = preSolution
		Debug|Any CPU = Debug|Any CPU
		Release|Any CPU = Release|Any CPU
	EndGlobalSection
	GlobalSection(ProjectConfigurationPlatforms) = postSolution
		{8696B0B6-4A8C-437D-87D5-02180FC48944}.Debug|Any CPU.ActiveCfg = Debug|Any CPU
		{8696B0B6-4A8C-437D-87D5-02180FC48944}.Debug|Any CPU.Build.0 = Debug|Any CPU
		{8696B0B6-4A8C-437D-87D5-02180FC48944}.Release|Any CPU.ActiveCfg = Release|Any CPU
		{8696B0B6-4A8C-437D-87D5-02180FC48944}.Release|Any CPU.Build.0 = Release|Any CPU
	EndGlobalSection
	GlobalSection(SolutionProperties) = preSolution
		HideSolutionNode = FALSE
	EndGlobalSection
	GlobalSection(ExtensibilityGlobals) = postSolution
		SolutionGuid = {97E7762A-0E30-4D7E-89B6-EB9F0C12C9CD}
	EndGlobalSection
EndGlobal
